// !$*UTF8*$!
{
	archiveVersion = 1;
	classes = {
	};
	objectVersion = 46;
	objects = {

/* Begin PBXBuildFile section */
		393B52221D43EC7900EB87A6 /* PokedexTableViewCell.swift in Sources */ = {isa = PBXBuildFile; fileRef = 393B52201D43EC7900EB87A6 /* PokedexTableViewCell.swift */; };
		393B52231D43EC7900EB87A6 /* PokedexTableViewCell.xib in Resources */ = {isa = PBXBuildFile; fileRef = 393B52211D43EC7900EB87A6 /* PokedexTableViewCell.xib */; };
		3976FD461D43C133006031C7 /* AppDelegate.swift in Sources */ = {isa = PBXBuildFile; fileRef = 3976FD451D43C133006031C7 /* AppDelegate.swift */; };
		3976FD4B1D43C133006031C7 /* Main.storyboard in Resources */ = {isa = PBXBuildFile; fileRef = 3976FD491D43C133006031C7 /* Main.storyboard */; };
		3976FD4D1D43C133006031C7 /* Assets.xcassets in Resources */ = {isa = PBXBuildFile; fileRef = 3976FD4C1D43C133006031C7 /* Assets.xcassets */; };
		3976FD501D43C133006031C7 /* LaunchScreen.storyboard in Resources */ = {isa = PBXBuildFile; fileRef = 3976FD4E1D43C133006031C7 /* LaunchScreen.storyboard */; };
		3976FD5B1D43C133006031C7 /* PokedexTests.swift in Sources */ = {isa = PBXBuildFile; fileRef = 3976FD5A1D43C133006031C7 /* PokedexTests.swift */; };
		3976FD661D43C133006031C7 /* PokedexUITests.swift in Sources */ = {isa = PBXBuildFile; fileRef = 3976FD651D43C133006031C7 /* PokedexUITests.swift */; };
		3976FD7B1D43C43C006031C7 /* PokemonData.swift in Sources */ = {isa = PBXBuildFile; fileRef = 3976FD7A1D43C43C006031C7 /* PokemonData.swift */; };
		3976FD7D1D43C4A9006031C7 /* LocalDataSource.swift in Sources */ = {isa = PBXBuildFile; fileRef = 3976FD7C1D43C4A9006031C7 /* LocalDataSource.swift */; };
		3976FD7F1D43C88C006031C7 /* PokemonRepository.swift in Sources */ = {isa = PBXBuildFile; fileRef = 3976FD7E1D43C88C006031C7 /* PokemonRepository.swift */; };
		3976FD811D43CB21006031C7 /* PokemonDataMapper.swift in Sources */ = {isa = PBXBuildFile; fileRef = 3976FD801D43CB21006031C7 /* PokemonDataMapper.swift */; };
		3976FD851D43CD20006031C7 /* Pokemon.swift in Sources */ = {isa = PBXBuildFile; fileRef = 3976FD841D43CD20006031C7 /* Pokemon.swift */; };
		3976FD871D43CD3E006031C7 /* GetPokemonListUseCase.swift in Sources */ = {isa = PBXBuildFile; fileRef = 3976FD861D43CD3E006031C7 /* GetPokemonListUseCase.swift */; };
		3976FD891D43D41F006031C7 /* PokemonPresenter.swift in Sources */ = {isa = PBXBuildFile; fileRef = 3976FD881D43D41F006031C7 /* PokemonPresenter.swift */; };
		3976FD8B1D43D52D006031C7 /* PokemonPresenterFactory.swift in Sources */ = {isa = PBXBuildFile; fileRef = 3976FD8A1D43D52D006031C7 /* PokemonPresenterFactory.swift */; };
		3976FD8D1D43D76E006031C7 /* PokemonListPresenterImpl.swift in Sources */ = {isa = PBXBuildFile; fileRef = 3976FD8C1D43D76E006031C7 /* PokemonListPresenterImpl.swift */; };
		3976FD8F1D43E146006031C7 /* PokedexViewController.swift in Sources */ = {isa = PBXBuildFile; fileRef = 3976FD8E1D43E146006031C7 /* PokedexViewController.swift */; };
		3976FD951D43E5A4006031C7 /* PokedexViewController.xib in Resources */ = {isa = PBXBuildFile; fileRef = 3976FD941D43E5A4006031C7 /* PokedexViewController.xib */; };
/* End PBXBuildFile section */

/* Begin PBXContainerItemProxy section */
		3976FD571D43C133006031C7 /* PBXContainerItemProxy */ = {
			isa = PBXContainerItemProxy;
			containerPortal = 3976FD3A1D43C133006031C7 /* Project object */;
			proxyType = 1;
			remoteGlobalIDString = 3976FD411D43C133006031C7;
			remoteInfo = Pokedex;
		};
		3976FD621D43C133006031C7 /* PBXContainerItemProxy */ = {
			isa = PBXContainerItemProxy;
			containerPortal = 3976FD3A1D43C133006031C7 /* Project object */;
			proxyType = 1;
			remoteGlobalIDString = 3976FD411D43C133006031C7;
			remoteInfo = Pokedex;
		};
/* End PBXContainerItemProxy section */

/* Begin PBXFileReference section */
		393B52201D43EC7900EB87A6 /* PokedexTableViewCell.swift */ = {isa = PBXFileReference; fileEncoding = 4; lastKnownFileType = sourcecode.swift; path = PokedexTableViewCell.swift; sourceTree = "<group>"; };
		393B52211D43EC7900EB87A6 /* PokedexTableViewCell.xib */ = {isa = PBXFileReference; fileEncoding = 4; lastKnownFileType = file.xib; path = PokedexTableViewCell.xib; sourceTree = "<group>"; };
		3976FD421D43C133006031C7 /* Pokedex.app */ = {isa = PBXFileReference; explicitFileType = wrapper.application; includeInIndex = 0; path = Pokedex.app; sourceTree = BUILT_PRODUCTS_DIR; };
		3976FD451D43C133006031C7 /* AppDelegate.swift */ = {isa = PBXFileReference; lastKnownFileType = sourcecode.swift; path = AppDelegate.swift; sourceTree = "<group>"; };
		3976FD4A1D43C133006031C7 /* Base */ = {isa = PBXFileReference; lastKnownFileType = file.storyboard; name = Base; path = Base.lproj/Main.storyboard; sourceTree = "<group>"; };
		3976FD4C1D43C133006031C7 /* Assets.xcassets */ = {isa = PBXFileReference; lastKnownFileType = folder.assetcatalog; path = Assets.xcassets; sourceTree = "<group>"; };
		3976FD4F1D43C133006031C7 /* Base */ = {isa = PBXFileReference; lastKnownFileType = file.storyboard; name = Base; path = Base.lproj/LaunchScreen.storyboard; sourceTree = "<group>"; };
		3976FD511D43C133006031C7 /* Info.plist */ = {isa = PBXFileReference; lastKnownFileType = text.plist.xml; path = Info.plist; sourceTree = "<group>"; };
		3976FD561D43C133006031C7 /* PokedexTests.xctest */ = {isa = PBXFileReference; explicitFileType = wrapper.cfbundle; includeInIndex = 0; path = PokedexTests.xctest; sourceTree = BUILT_PRODUCTS_DIR; };
		3976FD5A1D43C133006031C7 /* PokedexTests.swift */ = {isa = PBXFileReference; lastKnownFileType = sourcecode.swift; path = PokedexTests.swift; sourceTree = "<group>"; };
		3976FD5C1D43C133006031C7 /* Info.plist */ = {isa = PBXFileReference; lastKnownFileType = text.plist.xml; path = Info.plist; sourceTree = "<group>"; };
		3976FD611D43C133006031C7 /* PokedexUITests.xctest */ = {isa = PBXFileReference; explicitFileType = wrapper.cfbundle; includeInIndex = 0; path = PokedexUITests.xctest; sourceTree = BUILT_PRODUCTS_DIR; };
		3976FD651D43C133006031C7 /* PokedexUITests.swift */ = {isa = PBXFileReference; lastKnownFileType = sourcecode.swift; path = PokedexUITests.swift; sourceTree = "<group>"; };
		3976FD671D43C133006031C7 /* Info.plist */ = {isa = PBXFileReference; lastKnownFileType = text.plist.xml; path = Info.plist; sourceTree = "<group>"; };
		3976FD7A1D43C43C006031C7 /* PokemonData.swift */ = {isa = PBXFileReference; fileEncoding = 4; lastKnownFileType = sourcecode.swift; path = PokemonData.swift; sourceTree = "<group>"; };
		3976FD7C1D43C4A9006031C7 /* LocalDataSource.swift */ = {isa = PBXFileReference; fileEncoding = 4; lastKnownFileType = sourcecode.swift; path = LocalDataSource.swift; sourceTree = "<group>"; };
		3976FD7E1D43C88C006031C7 /* PokemonRepository.swift */ = {isa = PBXFileReference; fileEncoding = 4; lastKnownFileType = sourcecode.swift; path = PokemonRepository.swift; sourceTree = "<group>"; };
		3976FD801D43CB21006031C7 /* PokemonDataMapper.swift */ = {isa = PBXFileReference; fileEncoding = 4; lastKnownFileType = sourcecode.swift; path = PokemonDataMapper.swift; sourceTree = "<group>"; };
		3976FD841D43CD20006031C7 /* Pokemon.swift */ = {isa = PBXFileReference; fileEncoding = 4; lastKnownFileType = sourcecode.swift; path = Pokemon.swift; sourceTree = "<group>"; };
		3976FD861D43CD3E006031C7 /* GetPokemonListUseCase.swift */ = {isa = PBXFileReference; fileEncoding = 4; lastKnownFileType = sourcecode.swift; path = GetPokemonListUseCase.swift; sourceTree = "<group>"; };
		3976FD881D43D41F006031C7 /* PokemonPresenter.swift */ = {isa = PBXFileReference; fileEncoding = 4; lastKnownFileType = sourcecode.swift; path = PokemonPresenter.swift; sourceTree = "<group>"; };
		3976FD8A1D43D52D006031C7 /* PokemonPresenterFactory.swift */ = {isa = PBXFileReference; fileEncoding = 4; lastKnownFileType = sourcecode.swift; path = PokemonPresenterFactory.swift; sourceTree = "<group>"; };
		3976FD8C1D43D76E006031C7 /* PokemonListPresenterImpl.swift */ = {isa = PBXFileReference; fileEncoding = 4; lastKnownFileType = sourcecode.swift; path = PokemonListPresenterImpl.swift; sourceTree = "<group>"; };
		3976FD8E1D43E146006031C7 /* PokedexViewController.swift */ = {isa = PBXFileReference; fileEncoding = 4; lastKnownFileType = sourcecode.swift; path = PokedexViewController.swift; sourceTree = "<group>"; };
		3976FD941D43E5A4006031C7 /* PokedexViewController.xib */ = {isa = PBXFileReference; fileEncoding = 4; lastKnownFileType = file.xib; path = PokedexViewController.xib; sourceTree = "<group>"; };
/* End PBXFileReference section */

/* Begin PBXFrameworksBuildPhase section */
		3976FD3F1D43C133006031C7 /* Frameworks */ = {
			isa = PBXFrameworksBuildPhase;
			buildActionMask = 2147483647;
			files = (
			);
			runOnlyForDeploymentPostprocessing = 0;
		};
		3976FD531D43C133006031C7 /* Frameworks */ = {
			isa = PBXFrameworksBuildPhase;
			buildActionMask = 2147483647;
			files = (
			);
			runOnlyForDeploymentPostprocessing = 0;
		};
		3976FD5E1D43C133006031C7 /* Frameworks */ = {
			isa = PBXFrameworksBuildPhase;
			buildActionMask = 2147483647;
			files = (
			);
			runOnlyForDeploymentPostprocessing = 0;
		};
/* End PBXFrameworksBuildPhase section */

/* Begin PBXGroup section */
		3976FD391D43C133006031C7 = {
			isa = PBXGroup;
			children = (
				3976FD441D43C133006031C7 /* Pokedex */,
				3976FD591D43C133006031C7 /* PokedexTests */,
				3976FD641D43C133006031C7 /* PokedexUITests */,
				3976FD431D43C133006031C7 /* Products */,
			);
			sourceTree = "<group>";
		};
		3976FD431D43C133006031C7 /* Products */ = {
			isa = PBXGroup;
			children = (
				3976FD421D43C133006031C7 /* Pokedex.app */,
				3976FD561D43C133006031C7 /* PokedexTests.xctest */,
				3976FD611D43C133006031C7 /* PokedexUITests.xctest */,
			);
			name = Products;
			sourceTree = "<group>";
		};
		3976FD441D43C133006031C7 /* Pokedex */ = {
			isa = PBXGroup;
			children = (
				3976FD451D43C133006031C7 /* AppDelegate.swift */,
				39CCF35E1D43F69200F4566B /* Resources */,
				3976FD791D43C42B006031C7 /* view */,
				3976FD781D43C42B006031C7 /* presenter */,
				3976FD771D43C42B006031C7 /* domain */,
				3976FD731D43C42B006031C7 /* data */,
				3976FD4C1D43C133006031C7 /* Assets.xcassets */,
				3976FD4E1D43C133006031C7 /* LaunchScreen.storyboard */,
				3976FD511D43C133006031C7 /* Info.plist */,
			);
			path = Pokedex;
			sourceTree = "<group>";
		};
		3976FD591D43C133006031C7 /* PokedexTests */ = {
			isa = PBXGroup;
			children = (
				3976FD5A1D43C133006031C7 /* PokedexTests.swift */,
				3976FD5C1D43C133006031C7 /* Info.plist */,
			);
			path = PokedexTests;
			sourceTree = "<group>";
		};
		3976FD641D43C133006031C7 /* PokedexUITests */ = {
			isa = PBXGroup;
			children = (
				3976FD651D43C133006031C7 /* PokedexUITests.swift */,
				3976FD671D43C133006031C7 /* Info.plist */,
			);
			path = PokedexUITests;
			sourceTree = "<group>";
		};
		3976FD731D43C42B006031C7 /* data */ = {
			isa = PBXGroup;
			children = (
				3976FD751D43C42B006031C7 /* model */,
				3976FD761D43C42B006031C7 /* repository */,
				3976FD741D43C42B006031C7 /* datasource */,
			);
			path = data;
			sourceTree = "<group>";
		};
		3976FD741D43C42B006031C7 /* datasource */ = {
			isa = PBXGroup;
			children = (
				3976FD7C1D43C4A9006031C7 /* LocalDataSource.swift */,
			);
			path = datasource;
			sourceTree = "<group>";
		};
		3976FD751D43C42B006031C7 /* model */ = {
			isa = PBXGroup;
			children = (
				3976FD7A1D43C43C006031C7 /* PokemonData.swift */,
				3976FD801D43CB21006031C7 /* PokemonDataMapper.swift */,
			);
			path = model;
			sourceTree = "<group>";
		};
		3976FD761D43C42B006031C7 /* repository */ = {
			isa = PBXGroup;
			children = (
				3976FD7E1D43C88C006031C7 /* PokemonRepository.swift */,
			);
			path = repository;
			sourceTree = "<group>";
		};
		3976FD771D43C42B006031C7 /* domain */ = {
			isa = PBXGroup;
			children = (
				3976FD821D43CD1A006031C7 /* model */,
				3976FD831D43CD1A006031C7 /* usecase */,
			);
			path = domain;
			sourceTree = "<group>";
		};
		3976FD781D43C42B006031C7 /* presenter */ = {
			isa = PBXGroup;
			children = (
				3976FD881D43D41F006031C7 /* PokemonPresenter.swift */,
				3976FD8A1D43D52D006031C7 /* PokemonPresenterFactory.swift */,
				3976FD8C1D43D76E006031C7 /* PokemonListPresenterImpl.swift */,
			);
			path = presenter;
			sourceTree = "<group>";
		};
		3976FD791D43C42B006031C7 /* view */ = {
			isa = PBXGroup;
			children = (
				3976FD8E1D43E146006031C7 /* PokedexViewController.swift */,
				3976FD941D43E5A4006031C7 /* PokedexViewController.xib */,
				393B52201D43EC7900EB87A6 /* PokedexTableViewCell.swift */,
				393B52211D43EC7900EB87A6 /* PokedexTableViewCell.xib */,
			);
			path = view;
			sourceTree = "<group>";
		};
		3976FD821D43CD1A006031C7 /* model */ = {
			isa = PBXGroup;
			children = (
				3976FD841D43CD20006031C7 /* Pokemon.swift */,
			);
			path = model;
			sourceTree = "<group>";
		};
		3976FD831D43CD1A006031C7 /* usecase */ = {
			isa = PBXGroup;
			children = (
				3976FD861D43CD3E006031C7 /* GetPokemonListUseCase.swift */,
			);
			path = usecase;
			sourceTree = "<group>";
		};
		39CCF35E1D43F69200F4566B /* Resources */ = {
			isa = PBXGroup;
			children = (
				3976FD491D43C133006031C7 /* Main.storyboard */,
			);
			name = Resources;
			sourceTree = "<group>";
		};
/* End PBXGroup section */

/* Begin PBXNativeTarget section */
		3976FD411D43C133006031C7 /* Pokedex */ = {
			isa = PBXNativeTarget;
			buildConfigurationList = 3976FD6A1D43C133006031C7 /* Build configuration list for PBXNativeTarget "Pokedex" */;
			buildPhases = (
				3976FD3E1D43C133006031C7 /* Sources */,
				3976FD3F1D43C133006031C7 /* Frameworks */,
				3976FD401D43C133006031C7 /* Resources */,
			);
			buildRules = (
			);
			dependencies = (
			);
			name = Pokedex;
			productName = Pokedex;
			productReference = 3976FD421D43C133006031C7 /* Pokedex.app */;
			productType = "com.apple.product-type.application";
		};
		3976FD551D43C133006031C7 /* PokedexTests */ = {
			isa = PBXNativeTarget;
			buildConfigurationList = 3976FD6D1D43C133006031C7 /* Build configuration list for PBXNativeTarget "PokedexTests" */;
			buildPhases = (
				3976FD521D43C133006031C7 /* Sources */,
				3976FD531D43C133006031C7 /* Frameworks */,
				3976FD541D43C133006031C7 /* Resources */,
			);
			buildRules = (
			);
			dependencies = (
				3976FD581D43C133006031C7 /* PBXTargetDependency */,
			);
			name = PokedexTests;
			productName = PokedexTests;
			productReference = 3976FD561D43C133006031C7 /* PokedexTests.xctest */;
			productType = "com.apple.product-type.bundle.unit-test";
		};
		3976FD601D43C133006031C7 /* PokedexUITests */ = {
			isa = PBXNativeTarget;
			buildConfigurationList = 3976FD701D43C133006031C7 /* Build configuration list for PBXNativeTarget "PokedexUITests" */;
			buildPhases = (
				3976FD5D1D43C133006031C7 /* Sources */,
				3976FD5E1D43C133006031C7 /* Frameworks */,
				3976FD5F1D43C133006031C7 /* Resources */,
			);
			buildRules = (
			);
			dependencies = (
				3976FD631D43C133006031C7 /* PBXTargetDependency */,
			);
			name = PokedexUITests;
			productName = PokedexUITests;
			productReference = 3976FD611D43C133006031C7 /* PokedexUITests.xctest */;
			productType = "com.apple.product-type.bundle.ui-testing";
		};
/* End PBXNativeTarget section */

/* Begin PBXProject section */
		3976FD3A1D43C133006031C7 /* Project object */ = {
			isa = PBXProject;
			attributes = {
				LastSwiftUpdateCheck = 0730;
				LastUpgradeCheck = 0730;
				ORGANIZATIONNAME = "Alberto Moral";
				TargetAttributes = {
					3976FD411D43C133006031C7 = {
						CreatedOnToolsVersion = 7.3;
					};
					3976FD551D43C133006031C7 = {
						CreatedOnToolsVersion = 7.3;
						TestTargetID = 3976FD411D43C133006031C7;
					};
					3976FD601D43C133006031C7 = {
						CreatedOnToolsVersion = 7.3;
						TestTargetID = 3976FD411D43C133006031C7;
					};
				};
			};
			buildConfigurationList = 3976FD3D1D43C133006031C7 /* Build configuration list for PBXProject "Pokedex" */;
			compatibilityVersion = "Xcode 3.2";
			developmentRegion = English;
			hasScannedForEncodings = 0;
			knownRegions = (
				en,
				Base,
			);
			mainGroup = 3976FD391D43C133006031C7;
			productRefGroup = 3976FD431D43C133006031C7 /* Products */;
			projectDirPath = "";
			projectRoot = "";
			targets = (
				3976FD411D43C133006031C7 /* Pokedex */,
				3976FD551D43C133006031C7 /* PokedexTests */,
				3976FD601D43C133006031C7 /* PokedexUITests */,
			);
		};
/* End PBXProject section */

/* Begin PBXResourcesBuildPhase section */
		3976FD401D43C133006031C7 /* Resources */ = {
			isa = PBXResourcesBuildPhase;
			buildActionMask = 2147483647;
			files = (
				3976FD501D43C133006031C7 /* LaunchScreen.storyboard in Resources */,
				3976FD4D1D43C133006031C7 /* Assets.xcassets in Resources */,
				3976FD4B1D43C133006031C7 /* Main.storyboard in Resources */,
				3976FD951D43E5A4006031C7 /* PokedexViewController.xib in Resources */,
				393B52231D43EC7900EB87A6 /* PokedexTableViewCell.xib in Resources */,
			);
			runOnlyForDeploymentPostprocessing = 0;
		};
		3976FD541D43C133006031C7 /* Resources */ = {
			isa = PBXResourcesBuildPhase;
			buildActionMask = 2147483647;
			files = (
			);
			runOnlyForDeploymentPostprocessing = 0;
		};
		3976FD5F1D43C133006031C7 /* Resources */ = {
			isa = PBXResourcesBuildPhase;
			buildActionMask = 2147483647;
			files = (
			);
			runOnlyForDeploymentPostprocessing = 0;
		};
/* End PBXResourcesBuildPhase section */

/* Begin PBXSourcesBuildPhase section */
		3976FD3E1D43C133006031C7 /* Sources */ = {
			isa = PBXSourcesBuildPhase;
			buildActionMask = 2147483647;
			files = (
				393B52221D43EC7900EB87A6 /* PokedexTableViewCell.swift in Sources */,
				3976FD851D43CD20006031C7 /* Pokemon.swift in Sources */,
				3976FD8B1D43D52D006031C7 /* PokemonPresenterFactory.swift in Sources */,
				3976FD8F1D43E146006031C7 /* PokedexViewController.swift in Sources */,
				3976FD8D1D43D76E006031C7 /* PokemonListPresenterImpl.swift in Sources */,
				3976FD7F1D43C88C006031C7 /* PokemonRepository.swift in Sources */,
				3976FD7B1D43C43C006031C7 /* PokemonData.swift in Sources */,
				3976FD871D43CD3E006031C7 /* GetPokemonListUseCase.swift in Sources */,
				3976FD891D43D41F006031C7 /* PokemonPresenter.swift in Sources */,
				3976FD7D1D43C4A9006031C7 /* LocalDataSource.swift in Sources */,
				3976FD811D43CB21006031C7 /* PokemonDataMapper.swift in Sources */,
				3976FD461D43C133006031C7 /* AppDelegate.swift in Sources */,
			);
			runOnlyForDeploymentPostprocessing = 0;
		};
		3976FD521D43C133006031C7 /* Sources */ = {
			isa = PBXSourcesBuildPhase;
			buildActionMask = 2147483647;
			files = (
				3976FD5B1D43C133006031C7 /* PokedexTests.swift in Sources */,
			);
			runOnlyForDeploymentPostprocessing = 0;
		};
		3976FD5D1D43C133006031C7 /* Sources */ = {
			isa = PBXSourcesBuildPhase;
			buildActionMask = 2147483647;
			files = (
				3976FD661D43C133006031C7 /* PokedexUITests.swift in Sources */,
			);
			runOnlyForDeploymentPostprocessing = 0;
		};
/* End PBXSourcesBuildPhase section */

/* Begin PBXTargetDependency section */
		3976FD581D43C133006031C7 /* PBXTargetDependency */ = {
			isa = PBXTargetDependency;
			target = 3976FD411D43C133006031C7 /* Pokedex */;
			targetProxy = 3976FD571D43C133006031C7 /* PBXContainerItemProxy */;
		};
		3976FD631D43C133006031C7 /* PBXTargetDependency */ = {
			isa = PBXTargetDependency;
			target = 3976FD411D43C133006031C7 /* Pokedex */;
			targetProxy = 3976FD621D43C133006031C7 /* PBXContainerItemProxy */;
		};
/* End PBXTargetDependency section */

/* Begin PBXVariantGroup section */
		3976FD491D43C133006031C7 /* Main.storyboard */ = {
			isa = PBXVariantGroup;
			children = (
				3976FD4A1D43C133006031C7 /* Base */,
			);
			name = Main.storyboard;
			sourceTree = "<group>";
		};
		3976FD4E1D43C133006031C7 /* LaunchScreen.storyboard */ = {
			isa = PBXVariantGroup;
			children = (
				3976FD4F1D43C133006031C7 /* Base */,
			);
			name = LaunchScreen.storyboard;
			sourceTree = "<group>";
		};
/* End PBXVariantGroup section */

/* Begin XCBuildConfiguration section */
		3976FD681D43C133006031C7 /* Debug */ = {
			isa = XCBuildConfiguration;
			buildSettings = {
				ALWAYS_SEARCH_USER_PATHS = NO;
				CLANG_ANALYZER_NONNULL = YES;
				CLANG_CXX_LANGUAGE_STANDARD = "gnu++0x";
				CLANG_CXX_LIBRARY = "libc++";
				CLANG_ENABLE_MODULES = YES;
				CLANG_ENABLE_OBJC_ARC = YES;
				CLANG_WARN_BOOL_CONVERSION = YES;
				CLANG_WARN_CONSTANT_CONVERSION = YES;
				CLANG_WARN_DIRECT_OBJC_ISA_USAGE = YES_ERROR;
				CLANG_WARN_EMPTY_BODY = YES;
				CLANG_WARN_ENUM_CONVERSION = YES;
				CLANG_WARN_INT_CONVERSION = YES;
				CLANG_WARN_OBJC_ROOT_CLASS = YES_ERROR;
				CLANG_WARN_UNREACHABLE_CODE = YES;
				CLANG_WARN__DUPLICATE_METHOD_MATCH = YES;
				"CODE_SIGN_IDENTITY[sdk=iphoneos*]" = "iPhone Developer";
				COPY_PHASE_STRIP = NO;
				DEBUG_INFORMATION_FORMAT = dwarf;
				ENABLE_STRICT_OBJC_MSGSEND = YES;
				ENABLE_TESTABILITY = YES;
				GCC_C_LANGUAGE_STANDARD = gnu99;
				GCC_DYNAMIC_NO_PIC = NO;
				GCC_NO_COMMON_BLOCKS = YES;
				GCC_OPTIMIZATION_LEVEL = 0;
				GCC_PREPROCESSOR_DEFINITIONS = (
					"DEBUG=1",
					"$(inherited)",
				);
				GCC_WARN_64_TO_32_BIT_CONVERSION = YES;
				GCC_WARN_ABOUT_RETURN_TYPE = YES_ERROR;
				GCC_WARN_UNDECLARED_SELECTOR = YES;
				GCC_WARN_UNINITIALIZED_AUTOS = YES_AGGRESSIVE;
				GCC_WARN_UNUSED_FUNCTION = YES;
				GCC_WARN_UNUSED_VARIABLE = YES;
				IPHONEOS_DEPLOYMENT_TARGET = 9.3;
				MTL_ENABLE_DEBUG_INFO = YES;
				ONLY_ACTIVE_ARCH = YES;
				SDKROOT = iphoneos;
				SWIFT_OPTIMIZATION_LEVEL = "-Onone";
				TARGETED_DEVICE_FAMILY = "1,2";
			};
			name = Debug;
		};
		3976FD691D43C133006031C7 /* Release */ = {
			isa = XCBuildConfiguration;
			buildSettings = {
				ALWAYS_SEARCH_USER_PATHS = NO;
				CLANG_ANALYZER_NONNULL = YES;
				CLANG_CXX_LANGUAGE_STANDARD = "gnu++0x";
				CLANG_CXX_LIBRARY = "libc++";
				CLANG_ENABLE_MODULES = YES;
				CLANG_ENABLE_OBJC_ARC = YES;
				CLANG_WARN_BOOL_CONVERSION = YES;
				CLANG_WARN_CONSTANT_CONVERSION = YES;
				CLANG_WARN_DIRECT_OBJC_ISA_USAGE = YES_ERROR;
				CLANG_WARN_EMPTY_BODY = YES;
				CLANG_WARN_ENUM_CONVERSION = YES;
				CLANG_WARN_INT_CONVERSION = YES;
				CLANG_WARN_OBJC_ROOT_CLASS = YES_ERROR;
				CLANG_WARN_UNREACHABLE_CODE = YES;
				CLANG_WARN__DUPLICATE_METHOD_MATCH = YES;
				"CODE_SIGN_IDENTITY[sdk=iphoneos*]" = "iPhone Developer";
				COPY_PHASE_STRIP = NO;
				DEBUG_INFORMATION_FORMAT = "dwarf-with-dsym";
				ENABLE_NS_ASSERTIONS = NO;
				ENABLE_STRICT_OBJC_MSGSEND = YES;
				GCC_C_LANGUAGE_STANDARD = gnu99;
				GCC_NO_COMMON_BLOCKS = YES;
				GCC_WARN_64_TO_32_BIT_CONVERSION = YES;
				GCC_WARN_ABOUT_RETURN_TYPE = YES_ERROR;
				GCC_WARN_UNDECLARED_SELECTOR = YES;
				GCC_WARN_UNINITIALIZED_AUTOS = YES_AGGRESSIVE;
				GCC_WARN_UNUSED_FUNCTION = YES;
				GCC_WARN_UNUSED_VARIABLE = YES;
				IPHONEOS_DEPLOYMENT_TARGET = 9.3;
				MTL_ENABLE_DEBUG_INFO = NO;
				SDKROOT = iphoneos;
				TARGETED_DEVICE_FAMILY = "1,2";
				VALIDATE_PRODUCT = YES;
			};
			name = Release;
		};
		3976FD6B1D43C133006031C7 /* Debug */ = {
			isa = XCBuildConfiguration;
			buildSettings = {
				ASSETCATALOG_COMPILER_APPICON_NAME = AppIcon;
				INFOPLIST_FILE = Pokedex/Info.plist;
				LD_RUNPATH_SEARCH_PATHS = "$(inherited) @executable_path/Frameworks";
				PRODUCT_BUNDLE_IDENTIFIER = com.albertomoral.Pokedex;
				PRODUCT_NAME = "$(TARGET_NAME)";
			};
			name = Debug;
		};
		3976FD6C1D43C133006031C7 /* Release */ = {
			isa = XCBuildConfiguration;
			buildSettings = {
				ASSETCATALOG_COMPILER_APPICON_NAME = AppIcon;
				INFOPLIST_FILE = Pokedex/Info.plist;
				LD_RUNPATH_SEARCH_PATHS = "$(inherited) @executable_path/Frameworks";
				PRODUCT_BUNDLE_IDENTIFIER = com.albertomoral.Pokedex;
				PRODUCT_NAME = "$(TARGET_NAME)";
			};
			name = Release;
		};
		3976FD6E1D43C133006031C7 /* Debug */ = {
			isa = XCBuildConfiguration;
			buildSettings = {
				BUNDLE_LOADER = "$(TEST_HOST)";
				INFOPLIST_FILE = PokedexTests/Info.plist;
				LD_RUNPATH_SEARCH_PATHS = "$(inherited) @executable_path/Frameworks @loader_path/Frameworks";
				PRODUCT_BUNDLE_IDENTIFIER = com.albertomoral.PokedexTests;
				PRODUCT_NAME = "$(TARGET_NAME)";
				TEST_HOST = "$(BUILT_PRODUCTS_DIR)/Pokedex.app/Pokedex";
			};
			name = Debug;
		};
		3976FD6F1D43C133006031C7 /* Release */ = {
			isa = XCBuildConfiguration;
			buildSettings = {
				BUNDLE_LOADER = "$(TEST_HOST)";
				INFOPLIST_FILE = PokedexTests/Info.plist;
				LD_RUNPATH_SEARCH_PATHS = "$(inherited) @executable_path/Frameworks @loader_path/Frameworks";
				PRODUCT_BUNDLE_IDENTIFIER = com.albertomoral.PokedexTests;
				PRODUCT_NAME = "$(TARGET_NAME)";
				TEST_HOST = "$(BUILT_PRODUCTS_DIR)/Pokedex.app/Pokedex";
			};
			name = Release;
		};
		3976FD711D43C133006031C7 /* Debug */ = {
			isa = XCBuildConfiguration;
			buildSettings = {
				INFOPLIST_FILE = PokedexUITests/Info.plist;
				LD_RUNPATH_SEARCH_PATHS = "$(inherited) @executable_path/Frameworks @loader_path/Frameworks";
				PRODUCT_BUNDLE_IDENTIFIER = com.albertomoral.PokedexUITests;
				PRODUCT_NAME = "$(TARGET_NAME)";
				TEST_TARGET_NAME = Pokedex;
			};
			name = Debug;
		};
		3976FD721D43C133006031C7 /* Release */ = {
			isa = XCBuildConfiguration;
			buildSettings = {
				INFOPLIST_FILE = PokedexUITests/Info.plist;
				LD_RUNPATH_SEARCH_PATHS = "$(inherited) @executable_path/Frameworks @loader_path/Frameworks";
				PRODUCT_BUNDLE_IDENTIFIER = com.albertomoral.PokedexUITests;
				PRODUCT_NAME = "$(TARGET_NAME)";
				TEST_TARGET_NAME = Pokedex;
			};
			name = Release;
		};
/* End XCBuildConfiguration section */

/* Begin XCConfigurationList section */
		3976FD3D1D43C133006031C7 /* Build configuration list for PBXProject "Pokedex" */ = {
			isa = XCConfigurationList;
			buildConfigurations = (
				3976FD681D43C133006031C7 /* Debug */,
				3976FD691D43C133006031C7 /* Release */,
			);
			defaultConfigurationIsVisible = 0;
			defaultConfigurationName = Release;
		};
		3976FD6A1D43C133006031C7 /* Build configuration list for PBXNativeTarget "Pokedex" */ = {
			isa = XCConfigurationList;
			buildConfigurations = (
				3976FD6B1D43C133006031C7 /* Debug */,
				3976FD6C1D43C133006031C7 /* Release */,
			);
			defaultConfigurationIsVisible = 0;
			defaultConfigurationName = Release;
		};
		3976FD6D1D43C133006031C7 /* Build configuration list for PBXNativeTarget "PokedexTests" */ = {
			isa = XCConfigurationList;
			buildConfigurations = (
				3976FD6E1D43C133006031C7 /* Debug */,
				3976FD6F1D43C133006031C7 /* Release */,
			);
			defaultConfigurationIsVisible = 0;
			defaultConfigurationName = Release;
		};
		3976FD701D43C133006031C7 /* Build configuration list for PBXNativeTarget "PokedexUITests" */ = {
			isa = XCConfigurationList;
			buildConfigurations = (
				3976FD711D43C133006031C7 /* Debug */,
				3976FD721D43C133006031C7 /* Release */,
			);
			defaultConfigurationIsVisible = 0;
			defaultConfigurationName = Release;
		};
/* End XCConfigurationList section */
	};
	rootObject = 3976FD3A1D43C133006031C7 /* Project object */;
}
